// !$*UTF8*$!
{
	archiveVersion = 1;
	classes = {
	};
	objectVersion = 46;
	objects = {

/* Begin PBXBuildFile section */
		F9FCB5FE1EFB289A005EDAE5 /* AppDelegate.swift in Sources */ = {isa = PBXBuildFile; fileRef = F9FCB5FD1EFB289A005EDAE5 /* AppDelegate.swift */; };
		F9FCB6031EFB289A005EDAE5 /* Main.storyboard in Resources */ = {isa = PBXBuildFile; fileRef = F9FCB6011EFB289A005EDAE5 /* Main.storyboard */; };
		F9FCB6051EFB289A005EDAE5 /* Assets.xcassets in Resources */ = {isa = PBXBuildFile; fileRef = F9FCB6041EFB289A005EDAE5 /* Assets.xcassets */; };
		F9FCB6081EFB289A005EDAE5 /* LaunchScreen.storyboard in Resources */ = {isa = PBXBuildFile; fileRef = F9FCB6061EFB289A005EDAE5 /* LaunchScreen.storyboard */; };
		F9FCB6131EFB289A005EDAE5 /* FlixTests.swift in Sources */ = {isa = PBXBuildFile; fileRef = F9FCB6121EFB289A005EDAE5 /* FlixTests.swift */; };
		F9FCB61E1EFB289A005EDAE5 /* FlixUITests.swift in Sources */ = {isa = PBXBuildFile; fileRef = F9FCB61D1EFB289A005EDAE5 /* FlixUITests.swift */; };
		F9FCB62C1EFB3CB5005EDAE5 /* NowPlayingViewController.swift in Sources */ = {isa = PBXBuildFile; fileRef = F9FCB62B1EFB3CB5005EDAE5 /* NowPlayingViewController.swift */; };
/* End PBXBuildFile section */

/* Begin PBXContainerItemProxy section */
		F9FCB60F1EFB289A005EDAE5 /* PBXContainerItemProxy */ = {
			isa = PBXContainerItemProxy;
			containerPortal = F9FCB5F21EFB289A005EDAE5 /* Project object */;
			proxyType = 1;
			remoteGlobalIDString = F9FCB5F91EFB289A005EDAE5;
			remoteInfo = Flix;
		};
		F9FCB61A1EFB289A005EDAE5 /* PBXContainerItemProxy */ = {
			isa = PBXContainerItemProxy;
			containerPortal = F9FCB5F21EFB289A005EDAE5 /* Project object */;
			proxyType = 1;
			remoteGlobalIDString = F9FCB5F91EFB289A005EDAE5;
			remoteInfo = Flix;
		};
/* End PBXContainerItemProxy section */

/* Begin PBXFileReference section */
		F9FCB5FA1EFB289A005EDAE5 /* Flix.app */ = {isa = PBXFileReference; explicitFileType = wrapper.application; includeInIndex = 0; path = Flix.app; sourceTree = BUILT_PRODUCTS_DIR; };
		F9FCB5FD1EFB289A005EDAE5 /* AppDelegate.swift */ = {isa = PBXFileReference; lastKnownFileType = sourcecode.swift; path = AppDelegate.swift; sourceTree = "<group>"; };
		F9FCB6021EFB289A005EDAE5 /* Base */ = {isa = PBXFileReference; lastKnownFileType = file.storyboard; name = Base; path = Base.lproj/Main.storyboard; sourceTree = "<group>"; };
		F9FCB6041EFB289A005EDAE5 /* Assets.xcassets */ = {isa = PBXFileReference; lastKnownFileType = folder.assetcatalog; path = Assets.xcassets; sourceTree = "<group>"; };
		F9FCB6071EFB289A005EDAE5 /* Base */ = {isa = PBXFileReference; lastKnownFileType = file.storyboard; name = Base; path = Base.lproj/LaunchScreen.storyboard; sourceTree = "<group>"; };
		F9FCB6091EFB289A005EDAE5 /* Info.plist */ = {isa = PBXFileReference; lastKnownFileType = text.plist.xml; path = Info.plist; sourceTree = "<group>"; };
		F9FCB60E1EFB289A005EDAE5 /* FlixTests.xctest */ = {isa = PBXFileReference; explicitFileType = wrapper.cfbundle; includeInIndex = 0; path = FlixTests.xctest; sourceTree = BUILT_PRODUCTS_DIR; };
		F9FCB6121EFB289A005EDAE5 /* FlixTests.swift */ = {isa = PBXFileReference; lastKnownFileType = sourcecode.swift; path = FlixTests.swift; sourceTree = "<group>"; };
		F9FCB6141EFB289A005EDAE5 /* Info.plist */ = {isa = PBXFileReference; lastKnownFileType = text.plist.xml; path = Info.plist; sourceTree = "<group>"; };
		F9FCB6191EFB289A005EDAE5 /* FlixUITests.xctest */ = {isa = PBXFileReference; explicitFileType = wrapper.cfbundle; includeInIndex = 0; path = FlixUITests.xctest; sourceTree = BUILT_PRODUCTS_DIR; };
		F9FCB61D1EFB289A005EDAE5 /* FlixUITests.swift */ = {isa = PBXFileReference; lastKnownFileType = sourcecode.swift; path = FlixUITests.swift; sourceTree = "<group>"; };
		F9FCB61F1EFB289A005EDAE5 /* Info.plist */ = {isa = PBXFileReference; lastKnownFileType = text.plist.xml; path = Info.plist; sourceTree = "<group>"; };
		F9FCB62B1EFB3CB5005EDAE5 /* NowPlayingViewController.swift */ = {isa = PBXFileReference; fileEncoding = 4; lastKnownFileType = sourcecode.swift; path = NowPlayingViewController.swift; sourceTree = "<group>"; };
/* End PBXFileReference section */

/* Begin PBXFrameworksBuildPhase section */
		F9FCB5F71EFB289A005EDAE5 /* Frameworks */ = {
			isa = PBXFrameworksBuildPhase;
			buildActionMask = 2147483647;
			files = (
			);
			runOnlyForDeploymentPostprocessing = 0;
		};
		F9FCB60B1EFB289A005EDAE5 /* Frameworks */ = {
			isa = PBXFrameworksBuildPhase;
			buildActionMask = 2147483647;
			files = (
			);
			runOnlyForDeploymentPostprocessing = 0;
		};
		F9FCB6161EFB289A005EDAE5 /* Frameworks */ = {
			isa = PBXFrameworksBuildPhase;
			buildActionMask = 2147483647;
			files = (
			);
			runOnlyForDeploymentPostprocessing = 0;
		};
/* End PBXFrameworksBuildPhase section */

/* Begin PBXGroup section */
		F9FCB5F11EFB289A005EDAE5 = {
			isa = PBXGroup;
			children = (
				F9FCB5FC1EFB289A005EDAE5 /* Flix */,
				F9FCB6111EFB289A005EDAE5 /* FlixTests */,
				F9FCB61C1EFB289A005EDAE5 /* FlixUITests */,
				F9FCB5FB1EFB289A005EDAE5 /* Products */,
			);
			sourceTree = "<group>";
		};
		F9FCB5FB1EFB289A005EDAE5 /* Products */ = {
			isa = PBXGroup;
			children = (
				F9FCB5FA1EFB289A005EDAE5 /* Flix.app */,
				F9FCB60E1EFB289A005EDAE5 /* FlixTests.xctest */,
				F9FCB6191EFB289A005EDAE5 /* FlixUITests.xctest */,
			);
			name = Products;
			sourceTree = "<group>";
		};
		F9FCB5FC1EFB289A005EDAE5 /* Flix */ = {
			isa = PBXGroup;
			children = (
				F9FCB62B1EFB3CB5005EDAE5 /* NowPlayingViewController.swift */,
				F9FCB5FD1EFB289A005EDAE5 /* AppDelegate.swift */,
				F9FCB6011EFB289A005EDAE5 /* Main.storyboard */,
				F9FCB6041EFB289A005EDAE5 /* Assets.xcassets */,
				F9FCB6061EFB289A005EDAE5 /* LaunchScreen.storyboard */,
				F9FCB6091EFB289A005EDAE5 /* Info.plist */,
			);
			path = Flix;
			sourceTree = "<group>";
		};
		F9FCB6111EFB289A005EDAE5 /* FlixTests */ = {
			isa = PBXGroup;
			children = (
				F9FCB6121EFB289A005EDAE5 /* FlixTests.swift */,
				F9FCB6141EFB289A005EDAE5 /* Info.plist */,
			);
			path = FlixTests;
			sourceTree = "<group>";
		};
		F9FCB61C1EFB289A005EDAE5 /* FlixUITests */ = {
			isa = PBXGroup;
			children = (
				F9FCB61D1EFB289A005EDAE5 /* FlixUITests.swift */,
				F9FCB61F1EFB289A005EDAE5 /* Info.plist */,
			);
			path = FlixUITests;
			sourceTree = "<group>";
		};
/* End PBXGroup section */

/* Begin PBXNativeTarget section */
		F9FCB5F91EFB289A005EDAE5 /* Flix */ = {
			isa = PBXNativeTarget;
			buildConfigurationList = F9FCB6221EFB289A005EDAE5 /* Build configuration list for PBXNativeTarget "Flix" */;
			buildPhases = (
				F9FCB5F61EFB289A005EDAE5 /* Sources */,
				F9FCB5F71EFB289A005EDAE5 /* Frameworks */,
				F9FCB5F81EFB289A005EDAE5 /* Resources */,
			);
			buildRules = (
			);
			dependencies = (
			);
			name = Flix;
			productName = Flix;
			productReference = F9FCB5FA1EFB289A005EDAE5 /* Flix.app */;
			productType = "com.apple.product-type.application";
		};
		F9FCB60D1EFB289A005EDAE5 /* FlixTests */ = {
			isa = PBXNativeTarget;
			buildConfigurationList = F9FCB6251EFB289A005EDAE5 /* Build configuration list for PBXNativeTarget "FlixTests" */;
			buildPhases = (
				F9FCB60A1EFB289A005EDAE5 /* Sources */,
				F9FCB60B1EFB289A005EDAE5 /* Frameworks */,
				F9FCB60C1EFB289A005EDAE5 /* Resources */,
			);
			buildRules = (
			);
			dependencies = (
				F9FCB6101EFB289A005EDAE5 /* PBXTargetDependency */,
			);
			name = FlixTests;
			productName = FlixTests;
			productReference = F9FCB60E1EFB289A005EDAE5 /* FlixTests.xctest */;
			productType = "com.apple.product-type.bundle.unit-test";
		};
		F9FCB6181EFB289A005EDAE5 /* FlixUITests */ = {
			isa = PBXNativeTarget;
			buildConfigurationList = F9FCB6281EFB289A005EDAE5 /* Build configuration list for PBXNativeTarget "FlixUITests" */;
			buildPhases = (
				F9FCB6151EFB289A005EDAE5 /* Sources */,
				F9FCB6161EFB289A005EDAE5 /* Frameworks */,
				F9FCB6171EFB289A005EDAE5 /* Resources */,
			);
			buildRules = (
			);
			dependencies = (
				F9FCB61B1EFB289A005EDAE5 /* PBXTargetDependency */,
			);
			name = FlixUITests;
			productName = FlixUITests;
			productReference = F9FCB6191EFB289A005EDAE5 /* FlixUITests.xctest */;
			productType = "com.apple.product-type.bundle.ui-testing";
		};
/* End PBXNativeTarget section */

/* Begin PBXProject section */
		F9FCB5F21EFB289A005EDAE5 /* Project object */ = {
			isa = PBXProject;
			attributes = {
				LastSwiftUpdateCheck = 0830;
				LastUpgradeCheck = 0830;
				ORGANIZATIONNAME = "Chavane Minto";
				TargetAttributes = {
					F9FCB5F91EFB289A005EDAE5 = {
						CreatedOnToolsVersion = 8.3.2;
						ProvisioningStyle = Automatic;
					};
					F9FCB60D1EFB289A005EDAE5 = {
						CreatedOnToolsVersion = 8.3.2;
						ProvisioningStyle = Automatic;
						TestTargetID = F9FCB5F91EFB289A005EDAE5;
					};
					F9FCB6181EFB289A005EDAE5 = {
						CreatedOnToolsVersion = 8.3.2;
						ProvisioningStyle = Automatic;
						TestTargetID = F9FCB5F91EFB289A005EDAE5;
					};
				};
			};
			buildConfigurationList = F9FCB5F51EFB289A005EDAE5 /* Build configuration list for PBXProject "Flix" */;
			compatibilityVersion = "Xcode 3.2";
			developmentRegion = English;
			hasScannedForEncodings = 0;
			knownRegions = (
				en,
				Base,
			);
			mainGroup = F9FCB5F11EFB289A005EDAE5;
			productRefGroup = F9FCB5FB1EFB289A005EDAE5 /* Products */;
			projectDirPath = "";
			projectRoot = "";
			targets = (
				F9FCB5F91EFB289A005EDAE5 /* Flix */,
				F9FCB60D1EFB289A005EDAE5 /* FlixTests */,
				F9FCB6181EFB289A005EDAE5 /* FlixUITests */,
			);
		};
/* End PBXProject section */

/* Begin PBXResourcesBuildPhase section */
		F9FCB5F81EFB289A005EDAE5 /* Resources */ = {
			isa = PBXResourcesBuildPhase;
			buildActionMask = 2147483647;
			files = (
				F9FCB6081EFB289A005EDAE5 /* LaunchScreen.storyboard in Resources */,
				F9FCB6051EFB289A005EDAE5 /* Assets.xcassets in Resources */,
				F9FCB6031EFB289A005EDAE5 /* Main.storyboard in Resources */,
			);
			runOnlyForDeploymentPostprocessing = 0;
		};
		F9FCB60C1EFB289A005EDAE5 /* Resources */ = {
			isa = PBXResourcesBuildPhase;
			buildActionMask = 2147483647;
			files = (
			);
			runOnlyForDeploymentPostprocessing = 0;
		};
		F9FCB6171EFB289A005EDAE5 /* Resources */ = {
			isa = PBXResourcesBuildPhase;
			buildActionMask = 2147483647;
			files = (
			);
			runOnlyForDeploymentPostprocessing = 0;
		};
/* End PBXResourcesBuildPhase section */

/* Begin PBXSourcesBuildPhase section */
		F9FCB5F61EFB289A005EDAE5 /* Sources */ = {
			isa = PBXSourcesBuildPhase;
			buildActionMask = 2147483647;
			files = (
				F9FCB62C1EFB3CB5005EDAE5 /* NowPlayingViewController.swift in Sources */,
				F9FCB5FE1EFB289A005EDAE5 /* AppDelegate.swift in Sources */,
			);
			runOnlyForDeploymentPostprocessing = 0;
		};
		F9FCB60A1EFB289A005EDAE5 /* Sources */ = {
			isa = PBXSourcesBuildPhase;
			buildActionMask = 2147483647;
			files = (
				F9FCB6131EFB289A005EDAE5 /* FlixTests.swift in Sources */,
			);
			runOnlyForDeploymentPostprocessing = 0;
		};
		F9FCB6151EFB289A005EDAE5 /* Sources */ = {
			isa = PBXSourcesBuildPhase;
			buildActionMask = 2147483647;
			files = (
				F9FCB61E1EFB289A005EDAE5 /* FlixUITests.swift in Sources */,
			);
			runOnlyForDeploymentPostprocessing = 0;
		};
/* End PBXSourcesBuildPhase section */

/* Begin PBXTargetDependency section */
		F9FCB6101EFB289A005EDAE5 /* PBXTargetDependency */ = {
			isa = PBXTargetDependency;
			target = F9FCB5F91EFB289A005EDAE5 /* Flix */;
			targetProxy = F9FCB60F1EFB289A005EDAE5 /* PBXContainerItemProxy */;
		};
		F9FCB61B1EFB289A005EDAE5 /* PBXTargetDependency */ = {
			isa = PBXTargetDependency;
			target = F9FCB5F91EFB289A005EDAE5 /* Flix */;
			targetProxy = F9FCB61A1EFB289A005EDAE5 /* PBXContainerItemProxy */;
		};
/* End PBXTargetDependency section */

/* Begin PBXVariantGroup section */
		F9FCB6011EFB289A005EDAE5 /* Main.storyboard */ = {
			isa = PBXVariantGroup;
			children = (
				F9FCB6021EFB289A005EDAE5 /* Base */,
			);
			name = Main.storyboard;
			sourceTree = "<group>";
		};
		F9FCB6061EFB289A005EDAE5 /* LaunchScreen.storyboard */ = {
			isa = PBXVariantGroup;
			children = (
				F9FCB6071EFB289A005EDAE5 /* Base */,
			);
			name = LaunchScreen.storyboard;
			sourceTree = "<group>";
		};
/* End PBXVariantGroup section */

/* Begin XCBuildConfiguration section */
		F9FCB6201EFB289A005EDAE5 /* Debug */ = {
			isa = XCBuildConfiguration;
			buildSettings = {
				ALWAYS_SEARCH_USER_PATHS = NO;
				CLANG_ANALYZER_NONNULL = YES;
				CLANG_ANALYZER_NUMBER_OBJECT_CONVERSION = YES_AGGRESSIVE;
				CLANG_CXX_LANGUAGE_STANDARD = "gnu++0x";
				CLANG_CXX_LIBRARY = "libc++";
				CLANG_ENABLE_MODULES = YES;
				CLANG_ENABLE_OBJC_ARC = YES;
				CLANG_WARN_BOOL_CONVERSION = YES;
				CLANG_WARN_CONSTANT_CONVERSION = YES;
				CLANG_WARN_DIRECT_OBJC_ISA_USAGE = YES_ERROR;
				CLANG_WARN_DOCUMENTATION_COMMENTS = YES;
				CLANG_WARN_EMPTY_BODY = YES;
				CLANG_WARN_ENUM_CONVERSION = YES;
				CLANG_WARN_INFINITE_RECURSION = YES;
				CLANG_WARN_INT_CONVERSION = YES;
				CLANG_WARN_OBJC_ROOT_CLASS = YES_ERROR;
				CLANG_WARN_SUSPICIOUS_MOVE = YES;
				CLANG_WARN_UNREACHABLE_CODE = YES;
				CLANG_WARN__DUPLICATE_METHOD_MATCH = YES;
				"CODE_SIGN_IDENTITY[sdk=iphoneos*]" = "iPhone Developer";
				COPY_PHASE_STRIP = NO;
				DEBUG_INFORMATION_FORMAT = dwarf;
				ENABLE_STRICT_OBJC_MSGSEND = YES;
				ENABLE_TESTABILITY = YES;
				GCC_C_LANGUAGE_STANDARD = gnu99;
				GCC_DYNAMIC_NO_PIC = NO;
				GCC_NO_COMMON_BLOCKS = YES;
				GCC_OPTIMIZATION_LEVEL = 0;
				GCC_PREPROCESSOR_DEFINITIONS = (
					"DEBUG=1",
					"$(inherited)",
				);
				GCC_WARN_64_TO_32_BIT_CONVERSION = YES;
				GCC_WARN_ABOUT_RETURN_TYPE = YES_ERROR;
				GCC_WARN_UNDECLARED_SELECTOR = YES;
				GCC_WARN_UNINITIALIZED_AUTOS = YES_AGGRESSIVE;
				GCC_WARN_UNUSED_FUNCTION = YES;
				GCC_WARN_UNUSED_VARIABLE = YES;
				IPHONEOS_DEPLOYMENT_TARGET = 10.3;
				MTL_ENABLE_DEBUG_INFO = YES;
				ONLY_ACTIVE_ARCH = YES;
				SDKROOT = iphoneos;
				SWIFT_ACTIVE_COMPILATION_CONDITIONS = DEBUG;
				SWIFT_OPTIMIZATION_LEVEL = "-Onone";
			};
			name = Debug;
		};
		F9FCB6211EFB289A005EDAE5 /* Release */ = {
			isa = XCBuildConfiguration;
			buildSettings = {
				ALWAYS_SEARCH_USER_PATHS = NO;
				CLANG_ANALYZER_NONNULL = YES;
				CLANG_ANALYZER_NUMBER_OBJECT_CONVERSION = YES_AGGRESSIVE;
				CLANG_CXX_LANGUAGE_STANDARD = "gnu++0x";
				CLANG_CXX_LIBRARY = "libc++";
				CLANG_ENABLE_MODULES = YES;
				CLANG_ENABLE_OBJC_ARC = YES;
				CLANG_WARN_BOOL_CONVERSION = YES;
				CLANG_WARN_CONSTANT_CONVERSION = YES;
				CLANG_WARN_DIRECT_OBJC_ISA_USAGE = YES_ERROR;
				CLANG_WARN_DOCUMENTATION_COMMENTS = YES;
				CLANG_WARN_EMPTY_BODY = YES;
				CLANG_WARN_ENUM_CONVERSION = YES;
				CLANG_WARN_INFINITE_RECURSION = YES;
				CLANG_WARN_INT_CONVERSION = YES;
				CLANG_WARN_OBJC_ROOT_CLASS = YES_ERROR;
				CLANG_WARN_SUSPICIOUS_MOVE = YES;
				CLANG_WARN_UNREACHABLE_CODE = YES;
				CLANG_WARN__DUPLICATE_METHOD_MATCH = YES;
				"CODE_SIGN_IDENTITY[sdk=iphoneos*]" = "iPhone Developer";
				COPY_PHASE_STRIP = NO;
				DEBUG_INFORMATION_FORMAT = "dwarf-with-dsym";
				ENABLE_NS_ASSERTIONS = NO;
				ENABLE_STRICT_OBJC_MSGSEND = YES;
				GCC_C_LANGUAGE_STANDARD = gnu99;
				GCC_NO_COMMON_BLOCKS = YES;
				GCC_WARN_64_TO_32_BIT_CONVERSION = YES;
				GCC_WARN_ABOUT_RETURN_TYPE = YES_ERROR;
				GCC_WARN_UNDECLARED_SELECTOR = YES;
				GCC_WARN_UNINITIALIZED_AUTOS = YES_AGGRESSIVE;
				GCC_WARN_UNUSED_FUNCTION = YES;
				GCC_WARN_UNUSED_VARIABLE = YES;
				IPHONEOS_DEPLOYMENT_TARGET = 10.3;
				MTL_ENABLE_DEBUG_INFO = NO;
				SDKROOT = iphoneos;
				SWIFT_OPTIMIZATION_LEVEL = "-Owholemodule";
				VALIDATE_PRODUCT = YES;
			};
			name = Release;
		};
		F9FCB6231EFB289A005EDAE5 /* Debug */ = {
			isa = XCBuildConfiguration;
			buildSettings = {
				ASSETCATALOG_COMPILER_APPICON_NAME = AppIcon;
				INFOPLIST_FILE = Flix/Info.plist;
				LD_RUNPATH_SEARCH_PATHS = "$(inherited) @executable_path/Frameworks";
				PRODUCT_BUNDLE_IDENTIFIER = com.Chavane.Flix;
				PRODUCT_NAME = "$(TARGET_NAME)";
				SWIFT_VERSION = 3.0;
			};
			name = Debug;
		};
		F9FCB6241EFB289A005EDAE5 /* Release */ = {
			isa = XCBuildConfiguration;
			buildSettings = {
				ASSETCATALOG_COMPILER_APPICON_NAME = AppIcon;
				INFOPLIST_FILE = Flix/Info.plist;
				LD_RUNPATH_SEARCH_PATHS = "$(inherited) @executable_path/Frameworks";
				PRODUCT_BUNDLE_IDENTIFIER = com.Chavane.Flix;
				PRODUCT_NAME = "$(TARGET_NAME)";
				SWIFT_VERSION = 3.0;
			};
			name = Release;
		};
		F9FCB6261EFB289A005EDAE5 /* Debug */ = {
			isa = XCBuildConfiguration;
			buildSettings = {
				ALWAYS_EMBED_SWIFT_STANDARD_LIBRARIES = YES;
				BUNDLE_LOADER = "$(TEST_HOST)";
				INFOPLIST_FILE = FlixTests/Info.plist;
				LD_RUNPATH_SEARCH_PATHS = "$(inherited) @executable_path/Frameworks @loader_path/Frameworks";
				PRODUCT_BUNDLE_IDENTIFIER = com.Chavane.FlixTests;
				PRODUCT_NAME = "$(TARGET_NAME)";
				SWIFT_VERSION = 3.0;
				TEST_HOST = "$(BUILT_PRODUCTS_DIR)/Flix.app/Flix";
			};
			name = Debug;
		};
		F9FCB6271EFB289A005EDAE5 /* Release */ = {
			isa = XCBuildConfiguration;
			buildSettings = {
				ALWAYS_EMBED_SWIFT_STANDARD_LIBRARIES = YES;
				BUNDLE_LOADER = "$(TEST_HOST)";
				INFOPLIST_FILE = FlixTests/Info.plist;
				LD_RUNPATH_SEARCH_PATHS = "$(inherited) @executable_path/Frameworks @loader_path/Frameworks";
				PRODUCT_BUNDLE_IDENTIFIER = com.Chavane.FlixTests;
				PRODUCT_NAME = "$(TARGET_NAME)";
				SWIFT_VERSION = 3.0;
				TEST_HOST = "$(BUILT_PRODUCTS_DIR)/Flix.app/Flix";
			};
			name = Release;
		};
		F9FCB6291EFB289A005EDAE5 /* Debug */ = {
			isa = XCBuildConfiguration;
			buildSettings = {
				ALWAYS_EMBED_SWIFT_STANDARD_LIBRARIES = YES;
				INFOPLIST_FILE = FlixUITests/Info.plist;
				LD_RUNPATH_SEARCH_PATHS = "$(inherited) @executable_path/Frameworks @loader_path/Frameworks";
				PRODUCT_BUNDLE_IDENTIFIER = com.Chavane.FlixUITests;
				PRODUCT_NAME = "$(TARGET_NAME)";
				SWIFT_VERSION = 3.0;
				TEST_TARGET_NAME = Flix;
			};
			name = Debug;
		};
		F9FCB62A1EFB289A005EDAE5 /* Release */ = {
			isa = XCBuildConfiguration;
			buildSettings = {
				ALWAYS_EMBED_SWIFT_STANDARD_LIBRARIES = YES;
				INFOPLIST_FILE = FlixUITests/Info.plist;
				LD_RUNPATH_SEARCH_PATHS = "$(inherited) @executable_path/Frameworks @loader_path/Frameworks";
				PRODUCT_BUNDLE_IDENTIFIER = com.Chavane.FlixUITests;
				PRODUCT_NAME = "$(TARGET_NAME)";
				SWIFT_VERSION = 3.0;
				TEST_TARGET_NAME = Flix;
			};
			name = Release;
		};
/* End XCBuildConfiguration section */

/* Begin XCConfigurationList section */
		F9FCB5F51EFB289A005EDAE5 /* Build configuration list for PBXProject "Flix" */ = {
			isa = XCConfigurationList;
			buildConfigurations = (
				F9FCB6201EFB289A005EDAE5 /* Debug */,
				F9FCB6211EFB289A005EDAE5 /* Release */,
			);
			defaultConfigurationIsVisible = 0;
			defaultConfigurationName = Release;
		};
		F9FCB6221EFB289A005EDAE5 /* Build configuration list for PBXNativeTarget "Flix" */ = {
			isa = XCConfigurationList;
			buildConfigurations = (
				F9FCB6231EFB289A005EDAE5 /* Debug */,
				F9FCB6241EFB289A005EDAE5 /* Release */,
			);
			defaultConfigurationIsVisible = 0;
		};
		F9FCB6251EFB289A005EDAE5 /* Build configuration list for PBXNativeTarget "FlixTests" */ = {
			isa = XCConfigurationList;
			buildConfigurations = (
				F9FCB6261EFB289A005EDAE5 /* Debug */,
				F9FCB6271EFB289A005EDAE5 /* Release */,
			);
			defaultConfigurationIsVisible = 0;
		};
		F9FCB6281EFB289A005EDAE5 /* Build configuration list for PBXNativeTarget "FlixUITests" */ = {
			isa = XCConfigurationList;
			buildConfigurations = (
				F9FCB6291EFB289A005EDAE5 /* Debug */,
				F9FCB62A1EFB289A005EDAE5 /* Release */,
			);
			defaultConfigurationIsVisible = 0;
		};
/* End XCConfigurationList section */
	};
	rootObject = F9FCB5F21EFB289A005EDAE5 /* Project object */;
}
